#
# This file is autogenerated by pip-compile with Python 3.14
# by the following command:
#
#    pip-compile --output-file=observatory/requirements.runtime.lock --strip-extras observatory/pyproject.toml
#
annotated-types==0.8.0
    # via pydantic
boto3==1.43.78
    # via mendo-observatory (observatory/pyproject.toml)
botocore==1.43.78
    # via
    #   boto3
    #   s3transfer
jmespath==1.1.0
    # via
    #   boto3
    #   botocore
pyarrow==25.0.1
    # via mendo-observatory (observatory/pyproject.toml)
pydantic==2.13.4
    # via mendo-observatory (observatory/pyproject.toml)
pydantic-core==2.46.4
    # via pydantic
python-dateutil==2.9.0.post0
    # via botocore
s3transfer==0.19.2
    # via boto3
six==1.17.0
    # via python-dateutil
typing-extensions==4.16.0
    # via
    #   pydantic
    #   pydantic-core
    #   typing-inspection
typing-inspection==0.4.4
    # via pydantic
urllib3==2.7.0
    # via botocore
