#
# This file is autogenerated by pip-compile with Python 3.14
# by the following command:
#
#    pip-compile --extra=dev --output-file=observatory/requirements.lock --strip-extras observatory/pyproject.toml
#
annotated-types==0.8.0
    # via pydantic
boto3==1.43.78
    # via mendo-observatory (observatory/pyproject.toml)
botocore==1.43.78
    # via
    #   boto3
    #   s3transfer
build==1.5.0
    # via pip-tools
cffi==2.1.1
    # via cryptography
click==8.4.2
    # via pip-tools
cryptography==46.0.7
    # via mendo-observatory (observatory/pyproject.toml)
hatchling==1.32.0
    # via mendo-observatory (observatory/pyproject.toml)
iniconfig==2.3.0
    # via pytest
jmespath==1.1.0
    # via
    #   boto3
    #   botocore
packaging==26.3
    # via
    #   build
    #   hatchling
    #   pytest
    #   wheel
pathspec==1.1.1
    # via hatchling
pip-tools==7.6.1
    # via mendo-observatory (observatory/pyproject.toml)
pluggy==1.6.0
    # via
    #   hatchling
    #   pytest
pyarrow==25.0.1
    # via mendo-observatory (observatory/pyproject.toml)
pycparser==3.0
    # via cffi
pydantic==2.13.4
    # via mendo-observatory (observatory/pyproject.toml)
pydantic-core==2.46.4
    # via pydantic
pygments==2.21.0
    # via pytest
pyproject-hooks==1.2.0
    # via
    #   build
    #   pip-tools
pytest==8.4.2
    # via mendo-observatory (observatory/pyproject.toml)
python-dateutil==2.9.0.post0
    # via botocore
pyyaml==6.0.3
    # via mendo-observatory (observatory/pyproject.toml)
s3transfer==0.19.2
    # via boto3
six==1.17.0
    # via python-dateutil
tomlkit==0.15.1
    # via hatchling
trove-classifiers==2026.6.1.19
    # via hatchling
typing-extensions==4.16.0
    # via
    #   pydantic
    #   pydantic-core
    #   typing-inspection
typing-inspection==0.4.4
    # via pydantic
urllib3==2.7.0
    # via botocore
wheel==0.48.0
    # via pip-tools

# The following packages are considered to be unsafe in a requirements file:
# pip
# setuptools
